Microsoft Visual Studio Solution File, Format Version 12.00
# Visual Studio Version 18
VisualStudioVersion = 18.5.11723.231
MinimumVisualStudioVersion = 10.0.40219.1
Project("{FAE04EC0-301F-11D3-BF4B-00C04F79EFBC}") = "SilkaraServer", "src\SilkaraServer\SilkaraServer.csproj", "{3B7A3541-5B1C-57E7-4570-61F345BF5E8A}"
EndProject
Project("{FAE04EC0-301F-11D3-BF4B-00C04F79EFBC}") = "SilkaraClient", "src\SilkaraClient\SilkaraClient.csproj", "{B1275755-FD69-513D-8538-8FA2760A4ED4}"
EndProject
Project("{FAE04EC0-301F-11D3-BF4B-00C04F79EFBC}") = "UTP", "src\UTP\UTP.csproj", "{19B97C1B-8582-2CD6-058E-F7F9DC46886B}"
EndProject
Project("{FAE04EC0-301F-11D3-BF4B-00C04F79EFBC}") = "UtpTypes", "src\UtpTypes\UtpTypes.csproj", "{4336A626-B4A3-D317-EEA1-F925DDC1D8E3}"
EndProject
Project("{FAE04EC0-301F-11D3-BF4B-00C04F79EFBC}") = "JsonManagerLib", "src\JsonManagerLib\JsonManagerLib.csproj", "{4E46DC39-E209-4E34-B6F3-1B9EDF666A70}"
EndProject
Project("{2150E333-8FDC-42A3-9474-1A3956D46DE8}") = "src", "src", "{02EA681E-C7D8-13C7-8484-4AC65E1B71E8}"
EndProject
Project("{2150E333-8FDC-42A3-9474-1A3956D46DE8}") = "tests", "tests", "{AEE8B553-9029-4282-8B00-8C1A2AE73262}"
EndProject
Project("{FAE04EC0-301F-11D3-BF4B-00C04F79EFBC}") = "Benchmarking", "benchmarks\Benchmarking\Benchmarking.csproj", "{D934718F-B8B9-45B0-8D37-8C0CA186F1AE}"
EndProject
Project("{E53339B2-1760-4266-BCC7-CA923CBCF16C}") = "docker-compose", "docker-compose.dcproj", "{81DDED9D-158B-E303-5F62-77A2896D2A5A}"
EndProject
Global
	GlobalSection(SolutionConfigurationPlatforms) = preSolution
		Debug|Any CPU = Debug|Any CPU
		Release|Any CPU = Release|Any CPU
	EndGlobalSection
	GlobalSection(ProjectConfigurationPlatforms) = postSolution
		{3B7A3541-5B1C-57E7-4570-61F345BF5E8A}.Debug|Any CPU.ActiveCfg = Debug|Any CPU
		{3B7A3541-5B1C-57E7-4570-61F345BF5E8A}.Debug|Any CPU.Build.0 = Debug|Any CPU
		{3B7A3541-5B1C-57E7-4570-61F345BF5E8A}.Release|Any CPU.ActiveCfg = Release|Any CPU
		{3B7A3541-5B1C-57E7-4570-61F345BF5E8A}.Release|Any CPU.Build.0 = Release|Any CPU
		{B1275755-FD69-513D-8538-8FA2760A4ED4}.Debug|Any CPU.ActiveCfg = Debug|Any CPU
		{B1275755-FD69-513D-8538-8FA2760A4ED4}.Debug|Any CPU.Build.0 = Debug|Any CPU
		{B1275755-FD69-513D-8538-8FA2760A4ED4}.Release|Any CPU.ActiveCfg = Release|Any CPU
		{B1275755-FD69-513D-8538-8FA2760A4ED4}.Release|Any CPU.Build.0 = Release|Any CPU
		{19B97C1B-8582-2CD6-058E-F7F9DC46886B}.Debug|Any CPU.ActiveCfg = Debug|Any CPU
		{19B97C1B-8582-2CD6-058E-F7F9DC46886B}.Debug|Any CPU.Build.0 = Debug|Any CPU
		{19B97C1B-8582-2CD6-058E-F7F9DC46886B}.Release|Any CPU.ActiveCfg = Release|Any CPU
		{19B97C1B-8582-2CD6-058E-F7F9DC46886B}.Release|Any CPU.Build.0 = Release|Any CPU
		{4336A626-B4A3-D317-EEA1-F925DDC1D8E3}.Debug|Any CPU.ActiveCfg = Debug|Any CPU
		{4336A626-B4A3-D317-EEA1-F925DDC1D8E3}.Debug|Any CPU.Build.0 = Debug|Any CPU
		{4336A626-B4A3-D317-EEA1-F925DDC1D8E3}.Release|Any CPU.ActiveCfg = Release|Any CPU
		{4336A626-B4A3-D317-EEA1-F925DDC1D8E3}.Release|Any CPU.Build.0 = Release|Any CPU
		{4E46DC39-E209-4E34-B6F3-1B9EDF666A70}.Debug|Any CPU.ActiveCfg = Debug|Any CPU
		{4E46DC39-E209-4E34-B6F3-1B9EDF666A70}.Debug|Any CPU.Build.0 = Debug|Any CPU
		{4E46DC39-E209-4E34-B6F3-1B9EDF666A70}.Release|Any CPU.ActiveCfg = Release|Any CPU
		{4E46DC39-E209-4E34-B6F3-1B9EDF666A70}.Release|Any CPU.Build.0 = Release|Any CPU
		{D934718F-B8B9-45B0-8D37-8C0CA186F1AE}.Debug|Any CPU.ActiveCfg = Debug|Any CPU
		{D934718F-B8B9-45B0-8D37-8C0CA186F1AE}.Debug|Any CPU.Build.0 = Debug|Any CPU
		{D934718F-B8B9-45B0-8D37-8C0CA186F1AE}.Release|Any CPU.ActiveCfg = Release|Any CPU
		{D934718F-B8B9-45B0-8D37-8C0CA186F1AE}.Release|Any CPU.Build.0 = Release|Any CPU
		{81DDED9D-158B-E303-5F62-77A2896D2A5A}.Debug|Any CPU.ActiveCfg = Debug|Any CPU
		{81DDED9D-158B-E303-5F62-77A2896D2A5A}.Debug|Any CPU.Build.0 = Debug|Any CPU
		{81DDED9D-158B-E303-5F62-77A2896D2A5A}.Release|Any CPU.ActiveCfg = Release|Any CPU
		{81DDED9D-158B-E303-5F62-77A2896D2A5A}.Release|Any CPU.Build.0 = Release|Any CPU
	EndGlobalSection
	GlobalSection(SolutionProperties) = preSolution
		HideSolutionNode = FALSE
	EndGlobalSection
	GlobalSection(NestedProjects) = preSolution
		{3B7A3541-5B1C-57E7-4570-61F345BF5E8A} = {02EA681E-C7D8-13C7-8484-4AC65E1B71E8}
		{B1275755-FD69-513D-8538-8FA2760A4ED4} = {02EA681E-C7D8-13C7-8484-4AC65E1B71E8}
		{19B97C1B-8582-2CD6-058E-F7F9DC46886B} = {02EA681E-C7D8-13C7-8484-4AC65E1B71E8}
		{4336A626-B4A3-D317-EEA1-F925DDC1D8E3} = {02EA681E-C7D8-13C7-8484-4AC65E1B71E8}
		{4E46DC39-E209-4E34-B6F3-1B9EDF666A70} = {02EA681E-C7D8-13C7-8484-4AC65E1B71E8}
		{D934718F-B8B9-45B0-8D37-8C0CA186F1AE} = {AEE8B553-9029-4282-8B00-8C1A2AE73262}
	EndGlobalSection
	GlobalSection(ExtensibilityGlobals) = postSolution
		SolutionGuid = {DDC3987A-7DA6-47D3-B23E-76FEF9689892}
	EndGlobalSection
EndGlobal
